
Microsoft Visual Studio Solution File, Format Version 12.00
# Visual Studio Version 17
VisualStudioVersion = 17.2.32526.322
MinimumVisualStudioVersion = 10.0.40219.1
Project("{FAE04EC0-301F-11D3-BF4B-00C04F79EFBC}") = "WebApi", "WebApi\WebApi.csproj", "{4E6B6826-9168-42D1-B732-C1C6C4ED0115}"
EndProject
Project("{FAE04EC0-301F-11D3-BF4B-00C04F79EFBC}") = "BL", "BL\BL.csproj", "{81BCC803-4134-4A57-8A76-BF501DDE3BB0}"
EndProject
Project("{FAE04EC0-301F-11D3-BF4B-00C04F79EFBC}") = "DAL", "DAL\DAL.csproj", "{F132F149-22CB-46CF-9B20-01EF1687231C}"
EndProject
Project("{FAE04EC0-301F-11D3-BF4B-00C04F79EFBC}") = "DOMAIN", "DOMAIN\DOMAIN.csproj", "{7339E960-D9E1-4022-AE20-164882673B46}"
EndProject
Project("{FAE04EC0-301F-11D3-BF4B-00C04F79EFBC}") = "Common", "Common\Common.csproj", "{D3B06336-7F10-495C-9538-54FA41F8EFD3}"
EndProject
Project("{FAE04EC0-301F-11D3-BF4B-00C04F79EFBC}") = "MAP", "MAP\MAP.csproj", "{D3BB46CD-234A-4D40-8F8E-DFFB1427B3A8}"
EndProject
Global
	GlobalSection(SolutionConfigurationPlatforms) = preSolution
		Debug|Any CPU = Debug|Any CPU
		Release|Any CPU = Release|Any CPU
	EndGlobalSection
	GlobalSection(ProjectConfigurationPlatforms) = postSolution
		{4E6B6826-9168-42D1-B732-C1C6C4ED0115}.Debug|Any CPU.ActiveCfg = Debug|Any CPU
		{4E6B6826-9168-42D1-B732-C1C6C4ED0115}.Debug|Any CPU.Build.0 = Debug|Any CPU
		{4E6B6826-9168-42D1-B732-C1C6C4ED0115}.Release|Any CPU.ActiveCfg = Release|Any CPU
		{4E6B6826-9168-42D1-B732-C1C6C4ED0115}.Release|Any CPU.Build.0 = Release|Any CPU
		{81BCC803-4134-4A57-8A76-BF501DDE3BB0}.Debug|Any CPU.ActiveCfg = Debug|Any CPU
		{81BCC803-4134-4A57-8A76-BF501DDE3BB0}.Debug|Any CPU.Build.0 = Debug|Any CPU
		{81BCC803-4134-4A57-8A76-BF501DDE3BB0}.Release|Any CPU.ActiveCfg = Release|Any CPU
		{81BCC803-4134-4A57-8A76-BF501DDE3BB0}.Release|Any CPU.Build.0 = Release|Any CPU
		{F132F149-22CB-46CF-9B20-01EF1687231C}.Debug|Any CPU.ActiveCfg = Debug|Any CPU
		{F132F149-22CB-46CF-9B20-01EF1687231C}.Debug|Any CPU.Build.0 = Debug|Any CPU
		{F132F149-22CB-46CF-9B20-01EF1687231C}.Release|Any CPU.ActiveCfg = Release|Any CPU
		{F132F149-22CB-46CF-9B20-01EF1687231C}.Release|Any CPU.Build.0 = Release|Any CPU
		{7339E960-D9E1-4022-AE20-164882673B46}.Debug|Any CPU.ActiveCfg = Debug|Any CPU
		{7339E960-D9E1-4022-AE20-164882673B46}.Debug|Any CPU.Build.0 = Debug|Any CPU
		{7339E960-D9E1-4022-AE20-164882673B46}.Release|Any CPU.ActiveCfg = Release|Any CPU
		{7339E960-D9E1-4022-AE20-164882673B46}.Release|Any CPU.Build.0 = Release|Any CPU
		{D3B06336-7F10-495C-9538-54FA41F8EFD3}.Debug|Any CPU.ActiveCfg = Debug|Any CPU
		{D3B06336-7F10-495C-9538-54FA41F8EFD3}.Debug|Any CPU.Build.0 = Debug|Any CPU
		{D3B06336-7F10-495C-9538-54FA41F8EFD3}.Release|Any CPU.ActiveCfg = Release|Any CPU
		{D3B06336-7F10-495C-9538-54FA41F8EFD3}.Release|Any CPU.Build.0 = Release|Any CPU
		{D3BB46CD-234A-4D40-8F8E-DFFB1427B3A8}.Debug|Any CPU.ActiveCfg = Debug|Any CPU
		{D3BB46CD-234A-4D40-8F8E-DFFB1427B3A8}.Debug|Any CPU.Build.0 = Debug|Any CPU
		{D3BB46CD-234A-4D40-8F8E-DFFB1427B3A8}.Release|Any CPU.ActiveCfg = Release|Any CPU
		{D3BB46CD-234A-4D40-8F8E-DFFB1427B3A8}.Release|Any CPU.Build.0 = Release|Any CPU
	EndGlobalSection
	GlobalSection(SolutionProperties) = preSolution
		HideSolutionNode = FALSE
	EndGlobalSection
	GlobalSection(ExtensibilityGlobals) = postSolution
		SolutionGuid = {A1F8B7F0-71BD-40D7-A847-A05DBE6A4110}
	EndGlobalSection
EndGlobal
